
Microsoft Visual Studio Solution File, Format Version 12.00
# Visual Studio Version 17
VisualStudioVersion = 17.9.34714.143
MinimumVisualStudioVersion = 10.0.40219.1
Project("{FAE04EC0-301F-11D3-BF4B-00C04F79EFBC}") = "WebApplication", "WebApplication.csproj", "{5704EB6E-CCE0-460C-804D-626AB1BACC54}"
EndProject
Global
	GlobalSection(SolutionConfigurationPlatforms) = preSolution
		Debug|Any CPU = Debug|Any CPU
		Release|Any CPU = Release|Any CPU
	EndGlobalSection
	GlobalSection(ProjectConfigurationPlatforms) = postSolution
		{5704EB6E-CCE0-460C-804D-626AB1BACC54}.Debug|Any CPU.ActiveCfg = Debug|Any CPU
		{5704EB6E-CCE0-460C-804D-626AB1BACC54}.Debug|Any CPU.Build.0 = Debug|Any CPU
		{5704EB6E-CCE0-460C-804D-626AB1BACC54}.Release|Any CPU.ActiveCfg = Release|Any CPU
		{5704EB6E-CCE0-460C-804D-626AB1BACC54}.Release|Any CPU.Build.0 = Release|Any CPU
	EndGlobalSection
	GlobalSection(SolutionProperties) = preSolution
		HideSolutionNode = FALSE
	EndGlobalSection
	GlobalSection(ExtensibilityGlobals) = postSolution
		SolutionGuid = {278B3113-F43C-4FBD-A65D-6BED3BE42339}
	EndGlobalSection
EndGlobal
